
Microsoft Visual Studio Solution File, Format Version 12.00
# Visual Studio Version 16
VisualStudioVersion = 16.0.31112.23
MinimumVisualStudioVersion = 10.0.40219.1
Project("{8BC9CEB8-8B4A-11D0-8D11-00A0C91BC942}") = "EqualTriangles", "EqualTriangles\EqualTriangles.vcxproj", "{F510C8C3-9A95-4698-AB95-D508868DCB3A}"
EndProject
Global
	GlobalSection(SolutionConfigurationPlatforms) = preSolution
		Debug|x64 = Debug|x64
		Debug|x86 = Debug|x86
		Release|x64 = Release|x64
		Release|x86 = Release|x86
	EndGlobalSection
	GlobalSection(ProjectConfigurationPlatforms) = postSolution
		{F510C8C3-9A95-4698-AB95-D508868DCB3A}.Debug|x64.ActiveCfg = Debug|x64
		{F510C8C3-9A95-4698-AB95-D508868DCB3A}.Debug|x64.Build.0 = Debug|x64
		{F510C8C3-9A95-4698-AB95-D508868DCB3A}.Debug|x86.ActiveCfg = Debug|Win32
		{F510C8C3-9A95-4698-AB95-D508868DCB3A}.Debug|x86.Build.0 = Debug|Win32
		{F510C8C3-9A95-4698-AB95-D508868DCB3A}.Release|x64.ActiveCfg = Release|x64
		{F510C8C3-9A95-4698-AB95-D508868DCB3A}.Release|x64.Build.0 = Release|x64
		{F510C8C3-9A95-4698-AB95-D508868DCB3A}.Release|x86.ActiveCfg = Release|Win32
		{F510C8C3-9A95-4698-AB95-D508868DCB3A}.Release|x86.Build.0 = Release|Win32
	EndGlobalSection
	GlobalSection(SolutionProperties) = preSolution
		HideSolutionNode = FALSE
	EndGlobalSection
	GlobalSection(ExtensibilityGlobals) = postSolution
		SolutionGuid = {8E5E2D2D-7946-43B2-AB01-812CC5EBEA04}
	EndGlobalSection
EndGlobal
